{
  "nodes": {
    "aquamarine": {
      "inputs": {
        "hyprutils": [
          "hyprland",
          "hyprutils"
        ],
        "hyprwayland-scanner": [
          "hyprland",
          "hyprwayland-scanner"
        ],
        "nixpkgs": [
          "hyprland",
          "nixpkgs"
        ],
        "systems": [
          "hyprland",
          "systems"
        ]
      },
      "locked": {
        "lastModified": 1751740947,
        "narHash": "sha256-35040CHH7P3JGmhGVfEb2oJHL/A5mI2IXumhkxrBnao=",
        "owner": "hyprwm",
        "repo": "aquamarine",
        "rev": "dfc1db15a08c4cd234288f66e1199c653495301f",
        "type": "github"
      },
      "original": {
        "owner": "hyprwm",
        "repo": "aquamarine",
        "type": "github"
      }
    },
    "flake-compat": {
      "flake": false,
      "locked": {
        "lastModified": 1696426674,
        "narHash": "sha256-kvjfFW7WAETZlt09AgDn1MrtKzP7t90Vf7vypd3OL1U=",
        "owner": "edolstra",
        "repo": "flake-compat",
        "rev": "0f9255e01c2351cc7d116c072cb317785dd33b33",
        "type": "github"
      },
      "original": {
        "owner": "edolstra",
        "repo": "flake-compat",
        "type": "github"
      }
    },
    "gitignore": {
      "inputs": {
        "nixpkgs": [
          "hyprland",
          "pre-commit-hooks",
          "nixpkgs"
        ]
      },
      "locked": {
        "lastModified": 1709087332,
        "narHash": "sha256-HG2cCnktfHsKV0s4XW83gU3F57gaTljL9KNSuG6bnQs=",
        "owner": "hercules-ci",
        "repo": "gitignore.nix",
        "rev": "637db329424fd7e46cf4185293b9cc8c88c95394",
        "type": "github"
      },
      "original": {
        "owner": "hercules-ci",
        "repo": "gitignore.nix",
        "type": "github"
      }
    },
    "home-manager": {
      "inputs": {
        "nixpkgs": [
          "nixpkgs"
        ]
      },
      "locked": {
        "lastModified": 1752603129,
        "narHash": "sha256-S+wmHhwNQ5Ru689L2Gu8n1OD6s9eU9n9mD827JNR+kw=",
        "owner": "nix-community",
        "repo": "home-manager",
        "rev": "e8c19a3cec2814c754f031ab3ae7316b64da085b",
        "type": "github"
      },
      "original": {
        "owner": "nix-community",
        "repo": "home-manager",
        "type": "github"
      }
    },
    "hyprcursor": {
      "inputs": {
        "hyprlang": [
          "hyprland",
          "hyprlang"
        ],
        "nixpkgs": [
          "hyprland",
          "nixpkgs"
        ],
        "systems": [
          "hyprland",
          "systems"
        ]
      },
      "locked": {
        "lastModified": 1749155331,
        "narHash": "sha256-XR9fsI0zwLiFWfqi/pdS/VD+YNorKb3XIykgTg4l1nA=",
        "owner": "hyprwm",
        "repo": "hyprcursor",
        "rev": "45fcc10b4c282746d93ec406a740c43b48b4ef80",
        "type": "github"
      },
      "original": {
        "owner": "hyprwm",
        "repo": "hyprcursor",
        "type": "github"
      }
    },
    "hyprgraphics": {
      "inputs": {
        "hyprutils": [
          "hyprland",
          "hyprutils"
        ],
        "nixpkgs": [
          "hyprland",
          "nixpkgs"
        ],
        "systems": [
          "hyprland",
          "systems"
        ]
      },
      "locked": {
        "lastModified": 1751808145,
        "narHash": "sha256-OXgL0XaKMmfX2rRQkt9SkJw+QNfv0jExlySt1D6O72g=",
        "owner": "hyprwm",
        "repo": "hyprgraphics",
        "rev": "b841473a0bd4a1a74a0b64f1ec2ab199035c349f",
        "type": "github"
      },
      "original": {
        "owner": "hyprwm",
        "repo": "hyprgraphics",
        "type": "github"
      }
    },
    "hyprland": {
      "inputs": {
        "aquamarine": "aquamarine",
        "hyprcursor": "hyprcursor",
        "hyprgraphics": "hyprgraphics",
        "hyprland-protocols": "hyprland-protocols",
        "hyprland-qtutils": "hyprland-qtutils",
        "hyprlang": "hyprlang",
        "hyprutils": "hyprutils",
        "hyprwayland-scanner": "hyprwayland-scanner",
        "nixpkgs": "nixpkgs",
        "pre-commit-hooks": "pre-commit-hooks",
        "systems": "systems",
        "xdph": "xdph"
      },
      "locked": {
        "lastModified": 1752682974,
        "narHash": "sha256-qjfHaJGfTfBHUTwibfYyeSthiSn246fZvNGiJ9stEAc=",
        "owner": "hyprwm",
        "repo": "Hyprland",
        "rev": "148718b3bcffaa90cd684df90860fd5bda37907f",
        "type": "github"
      },
      "original": {
        "owner": "hyprwm",
        "repo": "Hyprland",
        "type": "github"
      }
    },
    "hyprland-plugins": {
      "inputs": {
        "hyprland": [
          "hyprland"
        ],
        "nixpkgs": [
          "hyprland-plugins",
          "hyprland",
          "nixpkgs"
        ],
        "systems": [
          "hyprland-plugins",
          "hyprland",
          "systems"
        ]
      },
      "locked": {
        "lastModified": 1752254688,
        "narHash": "sha256-XJJ+frO4NOxVkoSGc1Mag8ESumzx2FmVRspOgFlMqF8=",
        "owner": "hyprwm",
        "repo": "hyprland-plugins",
        "rev": "d723e5b153b7990d36e62a425bda3768c41dd9eb",
        "type": "github"
      },
      "original": {
        "owner": "hyprwm",
        "repo": "hyprland-plugins",
        "type": "github"
      }
    },
    "hyprland-protocols": {
      "inputs": {
        "nixpkgs": [
          "hyprland",
          "nixpkgs"
        ],
        "systems": [
          "hyprland",
          "systems"
        ]
      },
      "locked": {
        "lastModified": 1749046714,
        "narHash": "sha256-kymV5FMnddYGI+UjwIw8ceDjdeg7ToDVjbHCvUlhn14=",
        "owner": "hyprwm",
        "repo": "hyprland-protocols",
        "rev": "613878cb6f459c5e323aaafe1e6f388ac8a36330",
        "type": "github"
      },
      "original": {
        "owner": "hyprwm",
        "repo": "hyprland-protocols",
        "type": "github"
      }
    },
    "hyprland-protocols_2": {
      "inputs": {
        "nixpkgs": [
          "hyprsunset",
          "nixpkgs"
        ],
        "systems": [
          "hyprsunset",
          "systems"
        ]
      },
      "locked": {
        "lastModified": 1749046714,
        "narHash": "sha256-kymV5FMnddYGI+UjwIw8ceDjdeg7ToDVjbHCvUlhn14=",
        "owner": "hyprwm",
        "repo": "hyprland-protocols",
        "rev": "613878cb6f459c5e323aaafe1e6f388ac8a36330",
        "type": "github"
      },
      "original": {
        "owner": "hyprwm",
        "repo": "hyprland-protocols",
        "type": "github"
      }
    },
    "hyprland-qt-support": {
      "inputs": {
        "hyprlang": [
          "hyprland",
          "hyprland-qtutils",
          "hyprlang"
        ],
        "nixpkgs": [
          "hyprland",
          "hyprland-qtutils",
          "nixpkgs"
        ],
        "systems": [
          "hyprland",
          "hyprland-qtutils",
          "systems"
        ]
      },
      "locked": {
        "lastModified": 1749154592,
        "narHash": "sha256-DO7z5CeT/ddSGDEnK9mAXm1qlGL47L3VAHLlLXoCjhE=",
        "owner": "hyprwm",
        "repo": "hyprland-qt-support",
        "rev": "4c8053c3c888138a30c3a6c45c2e45f5484f2074",
        "type": "github"
      },
      "original": {
        "owner": "hyprwm",
        "repo": "hyprland-qt-support",
        "type": "github"
      }
    },
    "hyprland-qt-support_2": {
      "inputs": {
        "hyprlang": "hyprlang_2",
        "nixpkgs": [
          "hyprsysteminfo",
          "nixpkgs"
        ],
        "systems": [
          "hyprsysteminfo",
          "systems"
        ]
      },
      "locked": {
        "lastModified": 1737634706,
        "narHash": "sha256-nGCibkfsXz7ARx5R+SnisRtMq21IQIhazp6viBU8I/A=",
        "owner": "hyprwm",
        "repo": "hyprland-qt-support",
        "rev": "8810df502cdee755993cb803eba7b23f189db795",
        "type": "github"
      },
      "original": {
        "owner": "hyprwm",
        "repo": "hyprland-qt-support",
        "type": "github"
      }
    },
    "hyprland-qtutils": {
      "inputs": {
        "hyprland-qt-support": "hyprland-qt-support",
        "hyprlang": [
          "hyprland",
          "hyprlang"
        ],
        "hyprutils": [
          "hyprland",
          "hyprland-qtutils",
          "hyprlang",
          "hyprutils"
        ],
        "nixpkgs": [
          "hyprland",
          "nixpkgs"
        ],
        "systems": [
          "hyprland",
          "systems"
        ]
      },
      "locked": {
        "lastModified": 1750371812,
        "narHash": "sha256-D868K1dVEACw17elVxRgXC6hOxY+54wIEjURztDWLk8=",
        "owner": "hyprwm",
        "repo": "hyprland-qtutils",
        "rev": "b13c7481e37856f322177010bdf75fccacd1adc8",
        "type": "github"
      },
      "original": {
        "owner": "hyprwm",
        "repo": "hyprland-qtutils",
        "type": "github"
      }
    },
    "hyprlang": {
      "inputs": {
        "hyprutils": [
          "hyprland",
          "hyprutils"
        ],
        "nixpkgs": [
          "hyprland",
          "nixpkgs"
        ],
        "systems": [
          "hyprland",
          "systems"
        ]
      },
      "locked": {
        "lastModified": 1750371198,
        "narHash": "sha256-/iuJ1paQOBoSLqHflRNNGyroqfF/yvPNurxzcCT0cAE=",
        "owner": "hyprwm",
        "repo": "hyprlang",
        "rev": "cee01452bca58d6cadb3224e21e370de8bc20f0b",
        "type": "github"
      },
      "original": {
        "owner": "hyprwm",
        "repo": "hyprlang",
        "type": "github"
      }
    },
    "hyprlang_2": {
      "inputs": {
        "hyprutils": "hyprutils_3",
        "nixpkgs": [
          "hyprsysteminfo",
          "hyprland-qt-support",
          "nixpkgs"
        ],
        "systems": [
          "hyprsysteminfo",
          "hyprland-qt-support",
          "systems"
        ]
      },
      "locked": {
        "lastModified": 1737634606,
        "narHash": "sha256-W7W87Cv6wqZ9PHegI6rH1+ve3zJPiyevMFf0/HwdbCQ=",
        "owner": "hyprwm",
        "repo": "hyprlang",
        "rev": "f41271d35cc0f370d300413d756c2677f386af9d",
        "type": "github"
      },
      "original": {
        "owner": "hyprwm",
        "repo": "hyprlang",
        "type": "github"
      }
    },
    "hyprsunset": {
      "inputs": {
        "hyprland-protocols": "hyprland-protocols_2",
        "hyprutils": "hyprutils_2",
        "hyprwayland-scanner": "hyprwayland-scanner_2",
        "nixpkgs": [
          "hyprland"
        ],
        "systems": "systems_2"
      },
      "locked": {
        "lastModified": 1751567624,
        "narHash": "sha256-tUVODSZhvafXmuN+5SwZpNWV+2cvhSd+5IJ5TXu3YgI=",
        "owner": "hyprwm",
        "repo": "hyprsunset",
        "rev": "4b2f0f9f46a6552930eecb979d18ac48d7079312",
        "type": "github"
      },
      "original": {
        "owner": "hyprwm",
        "repo": "hyprsunset",
        "type": "github"
      }
    },
    "hyprsysteminfo": {
      "inputs": {
        "hyprland-qt-support": "hyprland-qt-support_2",
        "hyprutils": "hyprutils_4",
        "nixpkgs": [
          "hyprland"
        ],
        "systems": "systems_3"
      },
      "locked": {
        "lastModified": 1750372066,
        "narHash": "sha256-nvpJ1XX2cWIuMd7I/07C2NXYbWEuieHVrYTaNJqo44A=",
        "owner": "hyprwm",
        "repo": "hyprsysteminfo",
        "rev": "b8ee10565d1643bb49eea5a155e1a415b3904d44",
        "type": "github"
      },
      "original": {
        "owner": "hyprwm",
        "repo": "hyprsysteminfo",
        "type": "github"
      }
    },
    "hyprutils": {
      "inputs": {
        "nixpkgs": [
          "hyprland",
          "nixpkgs"
        ],
        "systems": [
          "hyprland",
          "systems"
        ]
      },
      "locked": {
        "lastModified": 1751888065,
        "narHash": "sha256-F2SV9WGqgtRsXIdUrl3sRe0wXlQD+kRRZcSfbepjPJY=",
        "owner": "hyprwm",
        "repo": "hyprutils",
        "rev": "a8229739cf36d159001cfc203871917b83fdf917",
        "type": "github"
      },
      "original": {
        "owner": "hyprwm",
        "repo": "hyprutils",
        "type": "github"
      }
    },
    "hyprutils_2": {
      "inputs": {
        "nixpkgs": [
          "hyprsunset",
          "nixpkgs"
        ],
        "systems": [
          "hyprsunset",
          "systems"
        ]
      },
      "locked": {
        "lastModified": 1749135356,
        "narHash": "sha256-Q8mAKMDsFbCEuq7zoSlcTuxgbIBVhfIYpX0RjE32PS0=",
        "owner": "hyprwm",
        "repo": "hyprutils",
        "rev": "e36db00dfb3a3d3fdcc4069cb292ff60d2699ccb",
        "type": "github"
      },
      "original": {
        "owner": "hyprwm",
        "repo": "hyprutils",
        "type": "github"
      }
    },
    "hyprutils_3": {
      "inputs": {
        "nixpkgs": [
          "hyprsysteminfo",
          "hyprland-qt-support",
          "hyprlang",
          "nixpkgs"
        ],
        "systems": [
          "hyprsysteminfo",
          "hyprland-qt-support",
          "hyprlang",
          "systems"
        ]
      },
      "locked": {
        "lastModified": 1737632363,
        "narHash": "sha256-X9I8POSlHxBVjD0fiX1O2j7U9Zi1+4rIkrsyHP0uHXY=",
        "owner": "hyprwm",
        "repo": "hyprutils",
        "rev": "006620eb29d54ea9086538891404c78563d1bae1",
        "type": "github"
      },
      "original": {
        "owner": "hyprwm",
        "repo": "hyprutils",
        "type": "github"
      }
    },
    "hyprutils_4": {
      "inputs": {
        "nixpkgs": [
          "hyprsysteminfo",
          "nixpkgs"
        ],
        "systems": [
          "hyprsysteminfo",
          "systems"
        ]
      },
      "locked": {
        "lastModified": 1737632363,
        "narHash": "sha256-X9I8POSlHxBVjD0fiX1O2j7U9Zi1+4rIkrsyHP0uHXY=",
        "owner": "hyprwm",
        "repo": "hyprutils",
        "rev": "006620eb29d54ea9086538891404c78563d1bae1",
        "type": "github"
      },
      "original": {
        "owner": "hyprwm",
        "repo": "hyprutils",
        "type": "github"
      }
    },
    "hyprwayland-scanner": {
      "inputs": {
        "nixpkgs": [
          "hyprland",
          "nixpkgs"
        ],
        "systems": [
          "hyprland",
          "systems"
        ]
      },
      "locked": {
        "lastModified": 1751881472,
        "narHash": "sha256-meB0SnXbwIe2trD041MLKEv6R7NZ759QwBcVIhlSBfE=",
        "owner": "hyprwm",
        "repo": "hyprwayland-scanner",
        "rev": "8fb426b3e5452fd9169453fd6c10f8c14ca37120",
        "type": "github"
      },
      "original": {
        "owner": "hyprwm",
        "repo": "hyprwayland-scanner",
        "type": "github"
      }
    },
    "hyprwayland-scanner_2": {
      "inputs": {
        "nixpkgs": [
          "hyprsunset",
          "nixpkgs"
        ],
        "systems": [
          "hyprsunset",
          "systems"
        ]
      },
      "locked": {
        "lastModified": 1749145760,
        "narHash": "sha256-IHaGWpGrv7seFWdw/1A+wHtTsPlOGIKMrk1TUIYJEFI=",
        "owner": "hyprwm",
        "repo": "hyprwayland-scanner",
        "rev": "817918315ea016cc2d94004bfb3223b5fd9dfcc6",
        "type": "github"
      },
      "original": {
        "owner": "hyprwm",
        "repo": "hyprwayland-scanner",
        "type": "github"
      }
    },
    "nixpkgs": {
      "locked": {
        "lastModified": 1751792365,
        "narHash": "sha256-J1kI6oAj25IG4EdVlg2hQz8NZTBNYvIS0l4wpr9KcUo=",
        "owner": "NixOS",
        "repo": "nixpkgs",
        "rev": "1fd8bada0b6117e6c7eb54aad5813023eed37ccb",
        "type": "github"
      },
      "original": {
        "owner": "NixOS",
        "ref": "nixos-unstable",
        "repo": "nixpkgs",
        "type": "github"
      }
    },
    "nixpkgs_2": {
      "locked": {
        "lastModified": 1752480373,
        "narHash": "sha256-JHQbm+OcGp32wAsXTE/FLYGNpb+4GLi5oTvCxwSoBOA=",
        "owner": "nixos",
        "repo": "nixpkgs",
        "rev": "62e0f05ede1da0d54515d4ea8ce9c733f12d9f08",
        "type": "github"
      },
      "original": {
        "owner": "nixos",
        "ref": "nixos-unstable",
        "repo": "nixpkgs",
        "type": "github"
      }
    },
    "pre-commit-hooks": {
      "inputs": {
        "flake-compat": "flake-compat",
        "gitignore": "gitignore",
        "nixpkgs": [
          "hyprland",
          "nixpkgs"
        ]
      },
      "locked": {
        "lastModified": 1750779888,
        "narHash": "sha256-wibppH3g/E2lxU43ZQHC5yA/7kIKLGxVEnsnVK1BtRg=",
        "owner": "cachix",
        "repo": "git-hooks.nix",
        "rev": "16ec914f6fb6f599ce988427d9d94efddf25fe6d",
        "type": "github"
      },
      "original": {
        "owner": "cachix",
        "repo": "git-hooks.nix",
        "type": "github"
      }
    },
    "quickshell": {
      "inputs": {
        "nixpkgs": [
          "nixpkgs"
        ]
      },
      "locked": {
        "lastModified": 1752631407,
        "narHash": "sha256-dLDtKxh1VabwLxv5xbjI+oRkDyqWEKGITU+0dEaaW28=",
        "owner": "quickshell-mirror",
        "repo": "quickshell",
        "rev": "4d8055f1cd9924bcace59405894b8879633eb83d",
        "type": "github"
      },
      "original": {
        "owner": "quickshell-mirror",
        "repo": "quickshell",
        "type": "github"
      }
    },
    "root": {
      "inputs": {
        "home-manager": "home-manager",
        "hyprland": "hyprland",
        "hyprland-plugins": "hyprland-plugins",
        "hyprsunset": "hyprsunset",
        "hyprsysteminfo": "hyprsysteminfo",
        "nixpkgs": "nixpkgs_2",
        "quickshell": "quickshell"
      }
    },
    "systems": {
      "locked": {
        "lastModified": 1689347949,
        "narHash": "sha256-12tWmuL2zgBgZkdoB6qXZsgJEH9LR3oUgpaQq2RbI80=",
        "owner": "nix-systems",
        "repo": "default-linux",
        "rev": "31732fcf5e8fea42e59c2488ad31a0e651500f68",
        "type": "github"
      },
      "original": {
        "owner": "nix-systems",
        "repo": "default-linux",
        "type": "github"
      }
    },
    "systems_2": {
      "locked": {
        "lastModified": 1689347949,
        "narHash": "sha256-12tWmuL2zgBgZkdoB6qXZsgJEH9LR3oUgpaQq2RbI80=",
        "owner": "nix-systems",
        "repo": "default-linux",
        "rev": "31732fcf5e8fea42e59c2488ad31a0e651500f68",
        "type": "github"
      },
      "original": {
        "owner": "nix-systems",
        "repo": "default-linux",
        "type": "github"
      }
    },
    "systems_3": {
      "locked": {
        "lastModified": 1689347949,
        "narHash": "sha256-12tWmuL2zgBgZkdoB6qXZsgJEH9LR3oUgpaQq2RbI80=",
        "owner": "nix-systems",
        "repo": "default-linux",
        "rev": "31732fcf5e8fea42e59c2488ad31a0e651500f68",
        "type": "github"
      },
      "original": {
        "owner": "nix-systems",
        "repo": "default-linux",
        "type": "github"
      }
    },
    "xdph": {
      "inputs": {
        "hyprland-protocols": [
          "hyprland",
          "hyprland-protocols"
        ],
        "hyprlang": [
          "hyprland",
          "hyprlang"
        ],
        "hyprutils": [
          "hyprland",
          "hyprutils"
        ],
        "hyprwayland-scanner": [
          "hyprland",
          "hyprwayland-scanner"
        ],
        "nixpkgs": [
          "hyprland",
          "nixpkgs"
        ],
        "systems": [
          "hyprland",
          "systems"
        ]
      },
      "locked": {
        "lastModified": 1751300244,
        "narHash": "sha256-PFuv1TZVYvQhha0ac53E3YgdtmLShrN0t4T6xqHl0jE=",
        "owner": "hyprwm",
        "repo": "xdg-desktop-portal-hyprland",
        "rev": "6115f3fdcb2c1a57b4a80a69f3c797e47607b90a",
        "type": "github"
      },
      "original": {
        "owner": "hyprwm",
        "repo": "xdg-desktop-portal-hyprland",
        "type": "github"
      }
    }
  },
  "root": "root",
  "version": 7
}
